
Microsoft Visual Studio Solution File, Format Version 12.00
# Visual Studio Version 17
VisualStudioVersion = 17.8.34330.188
MinimumVisualStudioVersion = 10.0.40219.1
Project("{FAE04EC0-301F-11D3-BF4B-00C04F79EFBC}") = "FullstackCube", "FullstackCube\FullstackCube.csproj", "{18D2C3D9-92D9-43B7-8647-7FAC154EFFC3}"
EndProject
Global
	GlobalSection(SolutionConfigurationPlatforms) = preSolution
		Debug|Any CPU = Debug|Any CPU
		Release|Any CPU = Release|Any CPU
	EndGlobalSection
	GlobalSection(ProjectConfigurationPlatforms) = postSolution
		{18D2C3D9-92D9-43B7-8647-7FAC154EFFC3}.Debug|Any CPU.ActiveCfg = Debug|Any CPU
		{18D2C3D9-92D9-43B7-8647-7FAC154EFFC3}.Debug|Any CPU.Build.0 = Debug|Any CPU
		{18D2C3D9-92D9-43B7-8647-7FAC154EFFC3}.Release|Any CPU.ActiveCfg = Release|Any CPU
		{18D2C3D9-92D9-43B7-8647-7FAC154EFFC3}.Release|Any CPU.Build.0 = Release|Any CPU
	EndGlobalSection
	GlobalSection(SolutionProperties) = preSolution
		HideSolutionNode = FALSE
	EndGlobalSection
	GlobalSection(ExtensibilityGlobals) = postSolution
		SolutionGuid = {14CBF94D-A501-4698-ADBD-CE0F1AB22FC1}
	EndGlobalSection
EndGlobal
